
Microsoft Visual Studio Solution File, Format Version 12.00
# Visual Studio Version 17
VisualStudioVersion = 17.4.33213.308
MinimumVisualStudioVersion = 10.0.40219.1
Project("{8BC9CEB8-8B4A-11D0-8D11-00A0C91BC942}") = "Codeforces - Two Colored Dominoes", "Codeforces - Two Colored Dominoes.vcxproj", "{B2B1305B-8012-4FF4-87B7-0F5E014F6983}"
EndProject
Global
	GlobalSection(SolutionConfigurationPlatforms) = preSolution
		Debug|x64 = Debug|x64
		Debug|x86 = Debug|x86
		Release|x64 = Release|x64
		Release|x86 = Release|x86
	EndGlobalSection
	GlobalSection(ProjectConfigurationPlatforms) = postSolution
		{B2B1305B-8012-4FF4-87B7-0F5E014F6983}.Debug|x64.ActiveCfg = Debug|x64
		{B2B1305B-8012-4FF4-87B7-0F5E014F6983}.Debug|x64.Build.0 = Debug|x64
		{B2B1305B-8012-4FF4-87B7-0F5E014F6983}.Debug|x86.ActiveCfg = Debug|Win32
		{B2B1305B-8012-4FF4-87B7-0F5E014F6983}.Debug|x86.Build.0 = Debug|Win32
		{B2B1305B-8012-4FF4-87B7-0F5E014F6983}.Release|x64.ActiveCfg = Release|x64
		{B2B1305B-8012-4FF4-87B7-0F5E014F6983}.Release|x64.Build.0 = Release|x64
		{B2B1305B-8012-4FF4-87B7-0F5E014F6983}.Release|x86.ActiveCfg = Release|Win32
		{B2B1305B-8012-4FF4-87B7-0F5E014F6983}.Release|x86.Build.0 = Release|Win32
	EndGlobalSection
	GlobalSection(SolutionProperties) = preSolution
		HideSolutionNode = FALSE
	EndGlobalSection
	GlobalSection(ExtensibilityGlobals) = postSolution
		SolutionGuid = {B24725E7-1807-4E1D-A875-A42C21A88EF9}
	EndGlobalSection
EndGlobal
