
Microsoft Visual Studio Solution File, Format Version 12.00
# Visual Studio Version 17
VisualStudioVersion = 17.4.33213.308
MinimumVisualStudioVersion = 10.0.40219.1
Project("{8BC9CEB8-8B4A-11D0-8D11-00A0C91BC942}") = "USACO Bronze - Bucket List", "USACO Bronze - Bucket List.vcxproj", "{92267857-DDDC-4E0C-BD96-E3582FDB8884}"
EndProject
Global
	GlobalSection(SolutionConfigurationPlatforms) = preSolution
		Debug|x64 = Debug|x64
		Debug|x86 = Debug|x86
		Release|x64 = Release|x64
		Release|x86 = Release|x86
	EndGlobalSection
	GlobalSection(ProjectConfigurationPlatforms) = postSolution
		{92267857-DDDC-4E0C-BD96-E3582FDB8884}.Debug|x64.ActiveCfg = Debug|x64
		{92267857-DDDC-4E0C-BD96-E3582FDB8884}.Debug|x64.Build.0 = Debug|x64
		{92267857-DDDC-4E0C-BD96-E3582FDB8884}.Debug|x86.ActiveCfg = Debug|Win32
		{92267857-DDDC-4E0C-BD96-E3582FDB8884}.Debug|x86.Build.0 = Debug|Win32
		{92267857-DDDC-4E0C-BD96-E3582FDB8884}.Release|x64.ActiveCfg = Release|x64
		{92267857-DDDC-4E0C-BD96-E3582FDB8884}.Release|x64.Build.0 = Release|x64
		{92267857-DDDC-4E0C-BD96-E3582FDB8884}.Release|x86.ActiveCfg = Release|Win32
		{92267857-DDDC-4E0C-BD96-E3582FDB8884}.Release|x86.Build.0 = Release|Win32
	EndGlobalSection
	GlobalSection(SolutionProperties) = preSolution
		HideSolutionNode = FALSE
	EndGlobalSection
	GlobalSection(ExtensibilityGlobals) = postSolution
		SolutionGuid = {C9C93F9A-803F-475B-B619-CE701D2A5C56}
	EndGlobalSection
EndGlobal
