
Microsoft Visual Studio Solution File, Format Version 12.00
# Visual Studio Version 17
VisualStudioVersion = 17.4.33213.308
MinimumVisualStudioVersion = 10.0.40219.1
Project("{8BC9CEB8-8B4A-11D0-8D11-00A0C91BC942}") = "USACO Bronze Practice - Comfortable Cows", "USACO Bronze Practice - Comfortable Cows.vcxproj", "{50D11600-59D6-43BF-9ED2-16DA228A21F0}"
EndProject
Global
	GlobalSection(SolutionConfigurationPlatforms) = preSolution
		Debug|x64 = Debug|x64
		Debug|x86 = Debug|x86
		Release|x64 = Release|x64
		Release|x86 = Release|x86
	EndGlobalSection
	GlobalSection(ProjectConfigurationPlatforms) = postSolution
		{50D11600-59D6-43BF-9ED2-16DA228A21F0}.Debug|x64.ActiveCfg = Debug|x64
		{50D11600-59D6-43BF-9ED2-16DA228A21F0}.Debug|x64.Build.0 = Debug|x64
		{50D11600-59D6-43BF-9ED2-16DA228A21F0}.Debug|x86.ActiveCfg = Debug|Win32
		{50D11600-59D6-43BF-9ED2-16DA228A21F0}.Debug|x86.Build.0 = Debug|Win32
		{50D11600-59D6-43BF-9ED2-16DA228A21F0}.Release|x64.ActiveCfg = Release|x64
		{50D11600-59D6-43BF-9ED2-16DA228A21F0}.Release|x64.Build.0 = Release|x64
		{50D11600-59D6-43BF-9ED2-16DA228A21F0}.Release|x86.ActiveCfg = Release|Win32
		{50D11600-59D6-43BF-9ED2-16DA228A21F0}.Release|x86.Build.0 = Release|Win32
	EndGlobalSection
	GlobalSection(SolutionProperties) = preSolution
		HideSolutionNode = FALSE
	EndGlobalSection
	GlobalSection(ExtensibilityGlobals) = postSolution
		SolutionGuid = {35DAA46E-5364-4B7F-8D12-272863CA2915}
	EndGlobalSection
EndGlobal
