
Microsoft Visual Studio Solution File, Format Version 12.00
# Visual Studio Version 17
VisualStudioVersion = 17.4.33213.308
MinimumVisualStudioVersion = 10.0.40219.1
Project("{8BC9CEB8-8B4A-11D0-8D11-00A0C91BC942}") = "USACO Bronze Practice - US Open 2019 - Bucket Brigade", "USACO Bronze Practice - US Open 2019 - Bucket Brigade.vcxproj", "{A76D24D6-DCAA-4B57-BA77-EDF25BB66E50}"
EndProject
Global
	GlobalSection(SolutionConfigurationPlatforms) = preSolution
		Debug|x64 = Debug|x64
		Debug|x86 = Debug|x86
		Release|x64 = Release|x64
		Release|x86 = Release|x86
	EndGlobalSection
	GlobalSection(ProjectConfigurationPlatforms) = postSolution
		{A76D24D6-DCAA-4B57-BA77-EDF25BB66E50}.Debug|x64.ActiveCfg = Debug|x64
		{A76D24D6-DCAA-4B57-BA77-EDF25BB66E50}.Debug|x64.Build.0 = Debug|x64
		{A76D24D6-DCAA-4B57-BA77-EDF25BB66E50}.Debug|x86.ActiveCfg = Debug|Win32
		{A76D24D6-DCAA-4B57-BA77-EDF25BB66E50}.Debug|x86.Build.0 = Debug|Win32
		{A76D24D6-DCAA-4B57-BA77-EDF25BB66E50}.Release|x64.ActiveCfg = Release|x64
		{A76D24D6-DCAA-4B57-BA77-EDF25BB66E50}.Release|x64.Build.0 = Release|x64
		{A76D24D6-DCAA-4B57-BA77-EDF25BB66E50}.Release|x86.ActiveCfg = Release|Win32
		{A76D24D6-DCAA-4B57-BA77-EDF25BB66E50}.Release|x86.Build.0 = Release|Win32
	EndGlobalSection
	GlobalSection(SolutionProperties) = preSolution
		HideSolutionNode = FALSE
	EndGlobalSection
	GlobalSection(ExtensibilityGlobals) = postSolution
		SolutionGuid = {2CC7F853-610F-4BC8-B657-D5963AECAAFA}
	EndGlobalSection
EndGlobal
